
Microsoft Visual Studio Solution File, Format Version 12.00
# Visual Studio Version 16
VisualStudioVersion = 16.6.30114.105
MinimumVisualStudioVersion = 10.0.40219.1
Project("{FAE04EC0-301F-11D3-BF4B-00C04F79EFBC}") = "SystemCommandLineBasic", "SystemCommandLineBasic\SystemCommandLineBasic.csproj", "{1100C6E8-F36A-4B20-9CD9-E4C12BAEB0A9}"
EndProject
Project("{FAE04EC0-301F-11D3-BF4B-00C04F79EFBC}") = "SystemCommandLineHosting", "SystemCommandLineHosting\SystemCommandLineHosting.csproj", "{5B5FAC42-ADB7-404D-BBFD-DD88EA29E2FF}"
EndProject
Global
	GlobalSection(SolutionConfigurationPlatforms) = preSolution
		Debug|Any CPU = Debug|Any CPU
		Debug|x64 = Debug|x64
		Debug|x86 = Debug|x86
		Release|Any CPU = Release|Any CPU
		Release|x64 = Release|x64
		Release|x86 = Release|x86
	EndGlobalSection
	GlobalSection(SolutionProperties) = preSolution
		HideSolutionNode = FALSE
	EndGlobalSection
	GlobalSection(ProjectConfigurationPlatforms) = postSolution
		{1100C6E8-F36A-4B20-9CD9-E4C12BAEB0A9}.Debug|Any CPU.ActiveCfg = Debug|Any CPU
		{1100C6E8-F36A-4B20-9CD9-E4C12BAEB0A9}.Debug|Any CPU.Build.0 = Debug|Any CPU
		{1100C6E8-F36A-4B20-9CD9-E4C12BAEB0A9}.Debug|x64.ActiveCfg = Debug|Any CPU
		{1100C6E8-F36A-4B20-9CD9-E4C12BAEB0A9}.Debug|x64.Build.0 = Debug|Any CPU
		{1100C6E8-F36A-4B20-9CD9-E4C12BAEB0A9}.Debug|x86.ActiveCfg = Debug|Any CPU
		{1100C6E8-F36A-4B20-9CD9-E4C12BAEB0A9}.Debug|x86.Build.0 = Debug|Any CPU
		{1100C6E8-F36A-4B20-9CD9-E4C12BAEB0A9}.Release|Any CPU.ActiveCfg = Release|Any CPU
		{1100C6E8-F36A-4B20-9CD9-E4C12BAEB0A9}.Release|Any CPU.Build.0 = Release|Any CPU
		{1100C6E8-F36A-4B20-9CD9-E4C12BAEB0A9}.Release|x64.ActiveCfg = Release|Any CPU
		{1100C6E8-F36A-4B20-9CD9-E4C12BAEB0A9}.Release|x64.Build.0 = Release|Any CPU
		{1100C6E8-F36A-4B20-9CD9-E4C12BAEB0A9}.Release|x86.ActiveCfg = Release|Any CPU
		{1100C6E8-F36A-4B20-9CD9-E4C12BAEB0A9}.Release|x86.Build.0 = Release|Any CPU
		{5B5FAC42-ADB7-404D-BBFD-DD88EA29E2FF}.Debug|Any CPU.ActiveCfg = Debug|Any CPU
		{5B5FAC42-ADB7-404D-BBFD-DD88EA29E2FF}.Debug|Any CPU.Build.0 = Debug|Any CPU
		{5B5FAC42-ADB7-404D-BBFD-DD88EA29E2FF}.Debug|x64.ActiveCfg = Debug|Any CPU
		{5B5FAC42-ADB7-404D-BBFD-DD88EA29E2FF}.Debug|x64.Build.0 = Debug|Any CPU
		{5B5FAC42-ADB7-404D-BBFD-DD88EA29E2FF}.Debug|x86.ActiveCfg = Debug|Any CPU
		{5B5FAC42-ADB7-404D-BBFD-DD88EA29E2FF}.Debug|x86.Build.0 = Debug|Any CPU
		{5B5FAC42-ADB7-404D-BBFD-DD88EA29E2FF}.Release|Any CPU.ActiveCfg = Release|Any CPU
		{5B5FAC42-ADB7-404D-BBFD-DD88EA29E2FF}.Release|Any CPU.Build.0 = Release|Any CPU
		{5B5FAC42-ADB7-404D-BBFD-DD88EA29E2FF}.Release|x64.ActiveCfg = Release|Any CPU
		{5B5FAC42-ADB7-404D-BBFD-DD88EA29E2FF}.Release|x64.Build.0 = Release|Any CPU
		{5B5FAC42-ADB7-404D-BBFD-DD88EA29E2FF}.Release|x86.ActiveCfg = Release|Any CPU
		{5B5FAC42-ADB7-404D-BBFD-DD88EA29E2FF}.Release|x86.Build.0 = Release|Any CPU
	EndGlobalSection
EndGlobal
